
Microsoft Visual Studio Solution File, Format Version 12.00
# Visual Studio 15
Project("{FAE04EC0-301F-11D3-BF4B-00C04F79EFBC}") = "Assembly-CSharp", "Assembly-CSharp.csproj", "{40BEA004-CDD3-44FC-CAC2-581CA5DC7ECE}"
EndProject
Project("{FAE04EC0-301F-11D3-BF4B-00C04F79EFBC}") = "Assembly-CSharp-firstpass", "Assembly-CSharp-firstpass.csproj", "{9586E6A0-999C-9300-EC60-03ACC0B0D133}"
EndProject
Project("{FAE04EC0-301F-11D3-BF4B-00C04F79EFBC}") = "Assembly-CSharp-Editor-firstpass", "Assembly-CSharp-Editor-firstpass.csproj", "{52960B43-0565-6234-C8D5-2119BA9ED043}"
EndProject
Global
	GlobalSection(SolutionConfigurationPlatforms) = preSolution
		Debug|Any CPU = Debug|Any CPU
		Release|Any CPU = Release|Any CPU
	EndGlobalSection
	GlobalSection(ProjectConfigurationPlatforms) = postSolution
		{40BEA004-CDD3-44FC-CAC2-581CA5DC7ECE}.Debug|Any CPU.ActiveCfg = Debug|Any CPU
		{40BEA004-CDD3-44FC-CAC2-581CA5DC7ECE}.Debug|Any CPU.Build.0 = Debug|Any CPU
		{40BEA004-CDD3-44FC-CAC2-581CA5DC7ECE}.Release|Any CPU.ActiveCfg = Release|Any CPU
		{40BEA004-CDD3-44FC-CAC2-581CA5DC7ECE}.Release|Any CPU.Build.0 = Release|Any CPU
		{9586E6A0-999C-9300-EC60-03ACC0B0D133}.Debug|Any CPU.ActiveCfg = Debug|Any CPU
		{9586E6A0-999C-9300-EC60-03ACC0B0D133}.Debug|Any CPU.Build.0 = Debug|Any CPU
		{9586E6A0-999C-9300-EC60-03ACC0B0D133}.Release|Any CPU.ActiveCfg = Release|Any CPU
		{9586E6A0-999C-9300-EC60-03ACC0B0D133}.Release|Any CPU.Build.0 = Release|Any CPU
		{52960B43-0565-6234-C8D5-2119BA9ED043}.Debug|Any CPU.ActiveCfg = Debug|Any CPU
		{52960B43-0565-6234-C8D5-2119BA9ED043}.Debug|Any CPU.Build.0 = Debug|Any CPU
		{52960B43-0565-6234-C8D5-2119BA9ED043}.Release|Any CPU.ActiveCfg = Release|Any CPU
		{52960B43-0565-6234-C8D5-2119BA9ED043}.Release|Any CPU.Build.0 = Release|Any CPU
	EndGlobalSection
	GlobalSection(SolutionProperties) = preSolution
		HideSolutionNode = FALSE
	EndGlobalSection
EndGlobal
